
Microsoft Visual Studio Solution File, Format Version 12.00
# Visual Studio Version 16
VisualStudioVersion = 16.0.31424.327
MinimumVisualStudioVersion = 10.0.40219.1
Project("{2150E333-8FDC-42A3-9474-1A3956D46DE8}") = "Source", "Source", "{80B46AB6-355B-4B83-9083-42519277D1F0}"
EndProject
Project("{2150E333-8FDC-42A3-9474-1A3956D46DE8}") = "Tests", "Tests", "{0546903C-253D-46EA-9F34-A6749A03278E}"
EndProject
Project("{9A19103F-16F7-4668-BE54-9A1E7A4F7556}") = "URLShortener.API", "Source\URLShortener.API\URLShortener.API.csproj", "{88B5EC62-AA3C-48D7-9AA8-94DF3A8789D1}"
EndProject
Project("{FAE04EC0-301F-11D3-BF4B-00C04F79EFBC}") = "URLShortener.Core", "Source\URLShortener.Core\URLShortener.Core.csproj", "{07E76855-FADE-48BB-BED1-E09F52492A96}"
EndProject
Global
	GlobalSection(SolutionConfigurationPlatforms) = preSolution
		Debug|Any CPU = Debug|Any CPU
		Release|Any CPU = Release|Any CPU
	EndGlobalSection
	GlobalSection(ProjectConfigurationPlatforms) = postSolution
		{88B5EC62-AA3C-48D7-9AA8-94DF3A8789D1}.Debug|Any CPU.ActiveCfg = Debug|Any CPU
		{88B5EC62-AA3C-48D7-9AA8-94DF3A8789D1}.Debug|Any CPU.Build.0 = Debug|Any CPU
		{88B5EC62-AA3C-48D7-9AA8-94DF3A8789D1}.Release|Any CPU.ActiveCfg = Release|Any CPU
		{88B5EC62-AA3C-48D7-9AA8-94DF3A8789D1}.Release|Any CPU.Build.0 = Release|Any CPU
		{07E76855-FADE-48BB-BED1-E09F52492A96}.Debug|Any CPU.ActiveCfg = Debug|Any CPU
		{07E76855-FADE-48BB-BED1-E09F52492A96}.Debug|Any CPU.Build.0 = Debug|Any CPU
		{07E76855-FADE-48BB-BED1-E09F52492A96}.Release|Any CPU.ActiveCfg = Release|Any CPU
		{07E76855-FADE-48BB-BED1-E09F52492A96}.Release|Any CPU.Build.0 = Release|Any CPU
	EndGlobalSection
	GlobalSection(SolutionProperties) = preSolution
		HideSolutionNode = FALSE
	EndGlobalSection
	GlobalSection(NestedProjects) = preSolution
		{88B5EC62-AA3C-48D7-9AA8-94DF3A8789D1} = {80B46AB6-355B-4B83-9083-42519277D1F0}
		{07E76855-FADE-48BB-BED1-E09F52492A96} = {80B46AB6-355B-4B83-9083-42519277D1F0}
	EndGlobalSection
	GlobalSection(ExtensibilityGlobals) = postSolution
		SolutionGuid = {999A9B8D-B392-4663-BC06-663847818061}
	EndGlobalSection
EndGlobal
